
Microsoft Visual Studio Solution File, Format Version 12.00
# Visual Studio Version 17
VisualStudioVersion = 17.8.34330.188
MinimumVisualStudioVersion = 10.0.40219.1
Project("{9A19103F-16F7-4668-BE54-9A1E7A4F7556}") = "Models", "Models\Models.csproj", "{CD954CED-2173-4164-AF05-AB991197CF4A}"
EndProject
Project("{9A19103F-16F7-4668-BE54-9A1E7A4F7556}") = "Application", "Application\Application.csproj", "{7AC478E7-8813-4685-ADF2-8072B413FD88}"
EndProject
Project("{9A19103F-16F7-4668-BE54-9A1E7A4F7556}") = "RepositoryTests", "RepoTest\RepositoryTests.csproj", "{5446E7AC-B756-4114-8211-F0A2F8D9CC35}"
EndProject
Project("{2150E333-8FDC-42A3-9474-1A3956D46DE8}") = "Tests", "Tests", "{208E0703-9CAA-469D-9FDC-4ECB926D7B19}"
EndProject
Project("{9A19103F-16F7-4668-BE54-9A1E7A4F7556}") = "StableManagementSystem", "Stable management system\StableManagementSystem.csproj", "{1717B2D2-CECC-4222-9157-027F4CFD5EE8}"
EndProject
Project("{9A19103F-16F7-4668-BE54-9A1E7A4F7556}") = "DataHandlerTests", "DataHandlerTests\DataHandlerTests.csproj", "{11DA74FB-7DDB-44E4-8F8A-2BD7706E3DFE}"
EndProject
Project("{FAE04EC0-301F-11D3-BF4B-00C04F79EFBC}") = "ControllerTests", "ControllerTest\ControllerTests.csproj", "{F8F35819-3860-48A6-BFD1-A9838776684C}"
EndProject
Global
	GlobalSection(SolutionConfigurationPlatforms) = preSolution
		Debug|Any CPU = Debug|Any CPU
		Release|Any CPU = Release|Any CPU
	EndGlobalSection
	GlobalSection(ProjectConfigurationPlatforms) = postSolution
		{CD954CED-2173-4164-AF05-AB991197CF4A}.Debug|Any CPU.ActiveCfg = Debug|Any CPU
		{CD954CED-2173-4164-AF05-AB991197CF4A}.Debug|Any CPU.Build.0 = Debug|Any CPU
		{CD954CED-2173-4164-AF05-AB991197CF4A}.Release|Any CPU.ActiveCfg = Release|Any CPU
		{CD954CED-2173-4164-AF05-AB991197CF4A}.Release|Any CPU.Build.0 = Release|Any CPU
		{7AC478E7-8813-4685-ADF2-8072B413FD88}.Debug|Any CPU.ActiveCfg = Debug|Any CPU
		{7AC478E7-8813-4685-ADF2-8072B413FD88}.Debug|Any CPU.Build.0 = Debug|Any CPU
		{7AC478E7-8813-4685-ADF2-8072B413FD88}.Release|Any CPU.ActiveCfg = Release|Any CPU
		{7AC478E7-8813-4685-ADF2-8072B413FD88}.Release|Any CPU.Build.0 = Release|Any CPU
		{5446E7AC-B756-4114-8211-F0A2F8D9CC35}.Debug|Any CPU.ActiveCfg = Debug|Any CPU
		{5446E7AC-B756-4114-8211-F0A2F8D9CC35}.Debug|Any CPU.Build.0 = Debug|Any CPU
		{5446E7AC-B756-4114-8211-F0A2F8D9CC35}.Release|Any CPU.ActiveCfg = Release|Any CPU
		{5446E7AC-B756-4114-8211-F0A2F8D9CC35}.Release|Any CPU.Build.0 = Release|Any CPU
		{1717B2D2-CECC-4222-9157-027F4CFD5EE8}.Debug|Any CPU.ActiveCfg = Debug|Any CPU
		{1717B2D2-CECC-4222-9157-027F4CFD5EE8}.Debug|Any CPU.Build.0 = Debug|Any CPU
		{1717B2D2-CECC-4222-9157-027F4CFD5EE8}.Release|Any CPU.ActiveCfg = Release|Any CPU
		{1717B2D2-CECC-4222-9157-027F4CFD5EE8}.Release|Any CPU.Build.0 = Release|Any CPU
		{11DA74FB-7DDB-44E4-8F8A-2BD7706E3DFE}.Debug|Any CPU.ActiveCfg = Debug|Any CPU
		{11DA74FB-7DDB-44E4-8F8A-2BD7706E3DFE}.Debug|Any CPU.Build.0 = Debug|Any CPU
		{11DA74FB-7DDB-44E4-8F8A-2BD7706E3DFE}.Release|Any CPU.ActiveCfg = Release|Any CPU
		{11DA74FB-7DDB-44E4-8F8A-2BD7706E3DFE}.Release|Any CPU.Build.0 = Release|Any CPU
		{F8F35819-3860-48A6-BFD1-A9838776684C}.Debug|Any CPU.ActiveCfg = Debug|Any CPU
		{F8F35819-3860-48A6-BFD1-A9838776684C}.Debug|Any CPU.Build.0 = Debug|Any CPU
		{F8F35819-3860-48A6-BFD1-A9838776684C}.Release|Any CPU.ActiveCfg = Release|Any CPU
		{F8F35819-3860-48A6-BFD1-A9838776684C}.Release|Any CPU.Build.0 = Release|Any CPU
	EndGlobalSection
	GlobalSection(SolutionProperties) = preSolution
		HideSolutionNode = FALSE
	EndGlobalSection
	GlobalSection(NestedProjects) = preSolution
		{5446E7AC-B756-4114-8211-F0A2F8D9CC35} = {208E0703-9CAA-469D-9FDC-4ECB926D7B19}
		{11DA74FB-7DDB-44E4-8F8A-2BD7706E3DFE} = {208E0703-9CAA-469D-9FDC-4ECB926D7B19}
		{F8F35819-3860-48A6-BFD1-A9838776684C} = {208E0703-9CAA-469D-9FDC-4ECB926D7B19}
	EndGlobalSection
	GlobalSection(ExtensibilityGlobals) = postSolution
		SolutionGuid = {7CB65CBB-64C6-4878-8A30-32B2EBA63BB3}
	EndGlobalSection
EndGlobal
